
Microsoft Visual Studio Solution File, Format Version 12.00
# Visual Studio Version 16
VisualStudioVersion = 16.0.31321.278
MinimumVisualStudioVersion = 10.0.40219.1
Project("{FAE04EC0-301F-11D3-BF4B-00C04F79EFBC}") = "AmorAuditDashboard.Server", "AmorAuditDashboard\Server\AmorAuditDashboard.Server.csproj", "{E1605480-A76D-4F15-8379-8F78A800F162}"
EndProject
Project("{FAE04EC0-301F-11D3-BF4B-00C04F79EFBC}") = "AmorAuditDashboard.Client", "AmorAuditDashboard\Client\AmorAuditDashboard.Client.csproj", "{B44F90D9-0C77-41A2-9BEC-FA46D22FA7E8}"
EndProject
Project("{FAE04EC0-301F-11D3-BF4B-00C04F79EFBC}") = "AmorAuditDashboard.Shared", "AmorAuditDashboard\Shared\AmorAuditDashboard.Shared.csproj", "{0DA92E41-4E45-4BC0-BADC-CBF90FA68F72}"
EndProject
Global
	GlobalSection(SolutionConfigurationPlatforms) = preSolution
		Debug|Any CPU = Debug|Any CPU
		Release|Any CPU = Release|Any CPU
	EndGlobalSection
	GlobalSection(ProjectConfigurationPlatforms) = postSolution
		{E1605480-A76D-4F15-8379-8F78A800F162}.Debug|Any CPU.ActiveCfg = Debug|Any CPU
		{E1605480-A76D-4F15-8379-8F78A800F162}.Debug|Any CPU.Build.0 = Debug|Any CPU
		{E1605480-A76D-4F15-8379-8F78A800F162}.Release|Any CPU.ActiveCfg = Release|Any CPU
		{E1605480-A76D-4F15-8379-8F78A800F162}.Release|Any CPU.Build.0 = Release|Any CPU
		{B44F90D9-0C77-41A2-9BEC-FA46D22FA7E8}.Debug|Any CPU.ActiveCfg = Debug|Any CPU
		{B44F90D9-0C77-41A2-9BEC-FA46D22FA7E8}.Debug|Any CPU.Build.0 = Debug|Any CPU
		{B44F90D9-0C77-41A2-9BEC-FA46D22FA7E8}.Release|Any CPU.ActiveCfg = Release|Any CPU
		{B44F90D9-0C77-41A2-9BEC-FA46D22FA7E8}.Release|Any CPU.Build.0 = Release|Any CPU
		{0DA92E41-4E45-4BC0-BADC-CBF90FA68F72}.Debug|Any CPU.ActiveCfg = Debug|Any CPU
		{0DA92E41-4E45-4BC0-BADC-CBF90FA68F72}.Debug|Any CPU.Build.0 = Debug|Any CPU
		{0DA92E41-4E45-4BC0-BADC-CBF90FA68F72}.Release|Any CPU.ActiveCfg = Release|Any CPU
		{0DA92E41-4E45-4BC0-BADC-CBF90FA68F72}.Release|Any CPU.Build.0 = Release|Any CPU
	EndGlobalSection
	GlobalSection(SolutionProperties) = preSolution
		HideSolutionNode = FALSE
	EndGlobalSection
	GlobalSection(ExtensibilityGlobals) = postSolution
		SolutionGuid = {4F33646A-6C4A-412C-862A-64FD9BF478ED}
	EndGlobalSection
EndGlobal
